Microsoft Visual Studio Solution File, Format Version 12.00
# Visual Studio Version 17
VisualStudioVersion = 17.5.2.0
MinimumVisualStudioVersion = 10.0.40219.1
Project("{FAE04EC0-301F-11D3-BF4B-00C04F79EFBC}") = "LeagueManager.API", "LeagueManager.API\LeagueManager.API.csproj", "{345D0DD6-F012-42E9-8319-3D97E6114421}"
EndProject
Project("{FAE04EC0-301F-11D3-BF4B-00C04F79EFBC}") = "LeagueManager.Tests", "LeagueManager.Tests\LeagueManager.Tests.csproj", "{CC056669-5A47-422E-B4D9-ACE4E7BC5788}"
EndProject
Global
	GlobalSection(SolutionProperties) = preSolution
		HideSolutionNode = FALSE
	EndGlobalSection
	GlobalSection(ExtensibilityGlobals) = postSolution
		SolutionGuid = {7089E2AC-A051-4A33-9E68-E23CDCC2A016}
	EndGlobalSection
	GlobalSection(SolutionConfigurationPlatforms) = preSolution
		Debug|Any CPU = Debug|Any CPU
		Debug|x64 = Debug|x64
		Debug|x86 = Debug|x86
		Release|Any CPU = Release|Any CPU
		Release|x64 = Release|x64
		Release|x86 = Release|x86
	EndGlobalSection
	GlobalSection(ProjectConfigurationPlatforms) = postSolution
		{345D0DD6-F012-42E9-8319-3D97E6114421}.Debug|Any CPU.ActiveCfg = Debug|Any CPU
		{345D0DD6-F012-42E9-8319-3D97E6114421}.Debug|Any CPU.Build.0 = Debug|Any CPU
		{345D0DD6-F012-42E9-8319-3D97E6114421}.Debug|x64.ActiveCfg = Debug|Any CPU
		{345D0DD6-F012-42E9-8319-3D97E6114421}.Debug|x64.Build.0 = Debug|Any CPU
		{345D0DD6-F012-42E9-8319-3D97E6114421}.Debug|x86.ActiveCfg = Debug|Any CPU
		{345D0DD6-F012-42E9-8319-3D97E6114421}.Debug|x86.Build.0 = Debug|Any CPU
		{345D0DD6-F012-42E9-8319-3D97E6114421}.Release|Any CPU.ActiveCfg = Release|Any CPU
		{345D0DD6-F012-42E9-8319-3D97E6114421}.Release|Any CPU.Build.0 = Release|Any CPU
		{345D0DD6-F012-42E9-8319-3D97E6114421}.Release|x64.ActiveCfg = Release|Any CPU
		{345D0DD6-F012-42E9-8319-3D97E6114421}.Release|x64.Build.0 = Release|Any CPU
		{345D0DD6-F012-42E9-8319-3D97E6114421}.Release|x86.ActiveCfg = Release|Any CPU
		{345D0DD6-F012-42E9-8319-3D97E6114421}.Release|x86.Build.0 = Release|Any CPU
		{CC056669-5A47-422E-B4D9-ACE4E7BC5788}.Debug|Any CPU.ActiveCfg = Debug|Any CPU
		{CC056669-5A47-422E-B4D9-ACE4E7BC5788}.Debug|Any CPU.Build.0 = Debug|Any CPU
		{CC056669-5A47-422E-B4D9-ACE4E7BC5788}.Debug|x64.ActiveCfg = Debug|Any CPU
		{CC056669-5A47-422E-B4D9-ACE4E7BC5788}.Debug|x64.Build.0 = Debug|Any CPU
		{CC056669-5A47-422E-B4D9-ACE4E7BC5788}.Debug|x86.ActiveCfg = Debug|Any CPU
		{CC056669-5A47-422E-B4D9-ACE4E7BC5788}.Debug|x86.Build.0 = Debug|Any CPU
		{CC056669-5A47-422E-B4D9-ACE4E7BC5788}.Release|Any CPU.ActiveCfg = Release|Any CPU
		{CC056669-5A47-422E-B4D9-ACE4E7BC5788}.Release|Any CPU.Build.0 = Release|Any CPU
		{CC056669-5A47-422E-B4D9-ACE4E7BC5788}.Release|x64.ActiveCfg = Release|Any CPU
		{CC056669-5A47-422E-B4D9-ACE4E7BC5788}.Release|x64.Build.0 = Release|Any CPU
		{CC056669-5A47-422E-B4D9-ACE4E7BC5788}.Release|x86.ActiveCfg = Release|Any CPU
		{CC056669-5A47-422E-B4D9-ACE4E7BC5788}.Release|x86.Build.0 = Release|Any CPU
	EndGlobalSection
EndGlobal
